
Microsoft Visual Studio Solution File, Format Version 12.00
# Visual Studio Version 17
VisualStudioVersion = 17.3.32901.215
MinimumVisualStudioVersion = 10.0.40219.1
Project("{FAE04EC0-301F-11D3-BF4B-00C04F79EFBC}") = "BusinessCardGenerator.API", "BusinessCardGenerator.API\BusinessCardGenerator.API.csproj", "{7603FD38-DCE9-4702-A05B-969F0C2AF80A}"
EndProject
Global
	GlobalSection(SolutionConfigurationPlatforms) = preSolution
		Debug|Any CPU = Debug|Any CPU
		Release|Any CPU = Release|Any CPU
	EndGlobalSection
	GlobalSection(ProjectConfigurationPlatforms) = postSolution
		{7603FD38-DCE9-4702-A05B-969F0C2AF80A}.Debug|Any CPU.ActiveCfg = Debug|Any CPU
		{7603FD38-DCE9-4702-A05B-969F0C2AF80A}.Debug|Any CPU.Build.0 = Debug|Any CPU
		{7603FD38-DCE9-4702-A05B-969F0C2AF80A}.Release|Any CPU.ActiveCfg = Release|Any CPU
		{7603FD38-DCE9-4702-A05B-969F0C2AF80A}.Release|Any CPU.Build.0 = Release|Any CPU
	EndGlobalSection
	GlobalSection(SolutionProperties) = preSolution
		HideSolutionNode = FALSE
	EndGlobalSection
	GlobalSection(ExtensibilityGlobals) = postSolution
		SolutionGuid = {56301D72-0C30-43DC-85DE-C2A4A0A78384}
	EndGlobalSection
EndGlobal
